
Microsoft Visual Studio Solution File, Format Version 12.00
# Visual Studio Express 14 for Web
VisualStudioVersion = 14.0.23107.0
MinimumVisualStudioVersion = 10.0.40219.1
Project("{FAE04EC0-301F-11D3-BF4B-00C04F79EFBC}") = "Project", "Project\Project.csproj", "{F2AB813C-09D0-4590-9B1A-CF19663EA0D6}"
EndProject
Project("{FAE04EC0-301F-11D3-BF4B-00C04F79EFBC}") = "CustomerModel", "CustomerModel\CustomerModel.csproj", "{2F92520A-A43F-46A9-A7CF-CA0184EF06A0}"
EndProject
Project("{FAE04EC0-301F-11D3-BF4B-00C04F79EFBC}") = "ProductModel", "ProductModel\ProductModel.csproj", "{B3103D65-D9AA-490C-B15E-709F3D258E7E}"
EndProject
Project("{FAE04EC0-301F-11D3-BF4B-00C04F79EFBC}") = "DataAccessLayeProduct", "DataAccessLayeProduct\DataAccessLayeProduct.csproj", "{FD886A04-D288-4D12-A1BF-E57FB57D5A76}"
EndProject
Project("{FAE04EC0-301F-11D3-BF4B-00C04F79EFBC}") = "ProductCategoriesModel", "ProductCategoriesModel\ProductCategoriesModel.csproj", "{F0FD0233-CB42-42E1-88E9-86E9D74B30F7}"
EndProject
Project("{FAE04EC0-301F-11D3-BF4B-00C04F79EFBC}") = "DataAccessLayeProductCategories", "DataAccessLayeProductCategories\DataAccessLayeProductCategories.csproj", "{891F9FD3-E3BC-4A9D-B916-B259967DD01F}"
EndProject
Project("{FAE04EC0-301F-11D3-BF4B-00C04F79EFBC}") = "Model", "Model\Model.csproj", "{FC6FF93F-1DD3-4F58-9B03-BCE5F9FAD11E}"
EndProject
Project("{FAE04EC0-301F-11D3-BF4B-00C04F79EFBC}") = "DAL", "DAL\DAL.csproj", "{D0F1982B-AF19-4483-9ECB-C67059230EF5}"
EndProject
Global
	GlobalSection(SolutionConfigurationPlatforms) = preSolution
		Debug|Any CPU = Debug|Any CPU
		Release|Any CPU = Release|Any CPU
	EndGlobalSection
	GlobalSection(ProjectConfigurationPlatforms) = postSolution
		{F2AB813C-09D0-4590-9B1A-CF19663EA0D6}.Debug|Any CPU.ActiveCfg = Debug|Any CPU
		{F2AB813C-09D0-4590-9B1A-CF19663EA0D6}.Debug|Any CPU.Build.0 = Debug|Any CPU
		{F2AB813C-09D0-4590-9B1A-CF19663EA0D6}.Release|Any CPU.ActiveCfg = Release|Any CPU
		{F2AB813C-09D0-4590-9B1A-CF19663EA0D6}.Release|Any CPU.Build.0 = Release|Any CPU
		{2F92520A-A43F-46A9-A7CF-CA0184EF06A0}.Debug|Any CPU.ActiveCfg = Debug|Any CPU
		{2F92520A-A43F-46A9-A7CF-CA0184EF06A0}.Debug|Any CPU.Build.0 = Debug|Any CPU
		{2F92520A-A43F-46A9-A7CF-CA0184EF06A0}.Release|Any CPU.ActiveCfg = Release|Any CPU
		{2F92520A-A43F-46A9-A7CF-CA0184EF06A0}.Release|Any CPU.Build.0 = Release|Any CPU
		{B3103D65-D9AA-490C-B15E-709F3D258E7E}.Debug|Any CPU.ActiveCfg = Debug|Any CPU
		{B3103D65-D9AA-490C-B15E-709F3D258E7E}.Debug|Any CPU.Build.0 = Debug|Any CPU
		{B3103D65-D9AA-490C-B15E-709F3D258E7E}.Release|Any CPU.ActiveCfg = Release|Any CPU
		{B3103D65-D9AA-490C-B15E-709F3D258E7E}.Release|Any CPU.Build.0 = Release|Any CPU
		{FD886A04-D288-4D12-A1BF-E57FB57D5A76}.Debug|Any CPU.ActiveCfg = Debug|Any CPU
		{FD886A04-D288-4D12-A1BF-E57FB57D5A76}.Debug|Any CPU.Build.0 = Debug|Any CPU
		{FD886A04-D288-4D12-A1BF-E57FB57D5A76}.Release|Any CPU.ActiveCfg = Release|Any CPU
		{FD886A04-D288-4D12-A1BF-E57FB57D5A76}.Release|Any CPU.Build.0 = Release|Any CPU
		{F0FD0233-CB42-42E1-88E9-86E9D74B30F7}.Debug|Any CPU.ActiveCfg = Debug|Any CPU
		{F0FD0233-CB42-42E1-88E9-86E9D74B30F7}.Debug|Any CPU.Build.0 = Debug|Any CPU
		{F0FD0233-CB42-42E1-88E9-86E9D74B30F7}.Release|Any CPU.ActiveCfg = Release|Any CPU
		{F0FD0233-CB42-42E1-88E9-86E9D74B30F7}.Release|Any CPU.Build.0 = Release|Any CPU
		{891F9FD3-E3BC-4A9D-B916-B259967DD01F}.Debug|Any CPU.ActiveCfg = Debug|Any CPU
		{891F9FD3-E3BC-4A9D-B916-B259967DD01F}.Debug|Any CPU.Build.0 = Debug|Any CPU
		{891F9FD3-E3BC-4A9D-B916-B259967DD01F}.Release|Any CPU.ActiveCfg = Release|Any CPU
		{891F9FD3-E3BC-4A9D-B916-B259967DD01F}.Release|Any CPU.Build.0 = Release|Any CPU
		{FC6FF93F-1DD3-4F58-9B03-BCE5F9FAD11E}.Debug|Any CPU.ActiveCfg = Debug|Any CPU
		{FC6FF93F-1DD3-4F58-9B03-BCE5F9FAD11E}.Debug|Any CPU.Build.0 = Debug|Any CPU
		{FC6FF93F-1DD3-4F58-9B03-BCE5F9FAD11E}.Release|Any CPU.ActiveCfg = Release|Any CPU
		{FC6FF93F-1DD3-4F58-9B03-BCE5F9FAD11E}.Release|Any CPU.Build.0 = Release|Any CPU
		{D0F1982B-AF19-4483-9ECB-C67059230EF5}.Debug|Any CPU.ActiveCfg = Debug|Any CPU
		{D0F1982B-AF19-4483-9ECB-C67059230EF5}.Debug|Any CPU.Build.0 = Debug|Any CPU
		{D0F1982B-AF19-4483-9ECB-C67059230EF5}.Release|Any CPU.ActiveCfg = Release|Any CPU
		{D0F1982B-AF19-4483-9ECB-C67059230EF5}.Release|Any CPU.Build.0 = Release|Any CPU
	EndGlobalSection
	GlobalSection(SolutionProperties) = preSolution
		HideSolutionNode = FALSE
	EndGlobalSection
EndGlobal
